
Microsoft Visual Studio Solution File, Format Version 12.00
Project("{FAE04EC0-301F-11D3-BF4B-00C04F79EFBC}") = "MyFabulousProject", "MyFabulousProject.csproj", "{14898B29-20F2-4435-A249-5E78D0F01E89}"
EndProject
Global
	GlobalSection(SolutionConfigurationPlatforms) = preSolution
		Debug|Any CPU = Debug|Any CPU
		Release|Any CPU = Release|Any CPU
	EndGlobalSection
	GlobalSection(ProjectConfigurationPlatforms) = postSolution
		{14898B29-20F2-4435-A249-5E78D0F01E89}.Debug|Any CPU.ActiveCfg = Debug|Any CPU
		{14898B29-20F2-4435-A249-5E78D0F01E89}.Debug|Any CPU.Build.0 = Debug|Any CPU
		{14898B29-20F2-4435-A249-5E78D0F01E89}.Release|Any CPU.ActiveCfg = Release|Any CPU
		{14898B29-20F2-4435-A249-5E78D0F01E89}.Release|Any CPU.Build.0 = Release|Any CPU
	EndGlobalSection
EndGlobal
